
Microsoft Visual Studio Solution File, Format Version 12.00
# Visual Studio Version 16
VisualStudioVersion = 16.0.31205.134
MinimumVisualStudioVersion = 10.0.40219.1
Project("{FAE04EC0-301F-11D3-BF4B-00C04F79EFBC}") = "EmployeWageComputation", "EmployeWageComputation.csproj", "{1672C429-E291-4994-9641-754DAC60F01F}"
EndProject
Global
	GlobalSection(SolutionConfigurationPlatforms) = preSolution
		Debug|Any CPU = Debug|Any CPU
		Release|Any CPU = Release|Any CPU
	EndGlobalSection
	GlobalSection(ProjectConfigurationPlatforms) = postSolution
		{1672C429-E291-4994-9641-754DAC60F01F}.Debug|Any CPU.ActiveCfg = Debug|Any CPU
		{1672C429-E291-4994-9641-754DAC60F01F}.Debug|Any CPU.Build.0 = Debug|Any CPU
		{1672C429-E291-4994-9641-754DAC60F01F}.Release|Any CPU.ActiveCfg = Release|Any CPU
		{1672C429-E291-4994-9641-754DAC60F01F}.Release|Any CPU.Build.0 = Release|Any CPU
	EndGlobalSection
	GlobalSection(SolutionProperties) = preSolution
		HideSolutionNode = FALSE
	EndGlobalSection
	GlobalSection(ExtensibilityGlobals) = postSolution
		SolutionGuid = {F593F026-D4BC-4AB8-A736-01888B3BAC2E}
	EndGlobalSection
EndGlobal
